
Microsoft Visual Studio Solution File, Format Version 12.00
# Visual Studio Version 17
VisualStudioVersion = 17.14.36414.22 d17.14
MinimumVisualStudioVersion = 10.0.40219.1
Project("{F184B08F-C81C-45F6-A57F-5ABD9991F28F}") = "SIstemPakar", "SIstemPakar\SIstemPakar.vbproj", "{31432C81-50A2-40B6-A3A5-4F03AC581E91}"
EndProject
Global
	GlobalSection(SolutionConfigurationPlatforms) = preSolution
		Debug|Any CPU = Debug|Any CPU
		Release|Any CPU = Release|Any CPU
	EndGlobalSection
	GlobalSection(ProjectConfigurationPlatforms) = postSolution
		{31432C81-50A2-40B6-A3A5-4F03AC581E91}.Debug|Any CPU.ActiveCfg = Debug|Any CPU
		{31432C81-50A2-40B6-A3A5-4F03AC581E91}.Debug|Any CPU.Build.0 = Debug|Any CPU
		{31432C81-50A2-40B6-A3A5-4F03AC581E91}.Release|Any CPU.ActiveCfg = Release|Any CPU
		{31432C81-50A2-40B6-A3A5-4F03AC581E91}.Release|Any CPU.Build.0 = Release|Any CPU
	EndGlobalSection
	GlobalSection(SolutionProperties) = preSolution
		HideSolutionNode = FALSE
	EndGlobalSection
	GlobalSection(ExtensibilityGlobals) = postSolution
		SolutionGuid = {0EA4A91D-E655-466F-813D-8E350F0BDF54}
	EndGlobalSection
EndGlobal
